<?xml version="1.0" encoding="utf-8"?>
<Project ToolsVersion="4.0" xmlns="http://schemas.microsoft.com/developer/msbuild/2003">
  <ItemGroup>
    <ClInclude Include="ContentsCore.h" />
    <ClInclude Include="TestLevel.h">
      <Filter>TestLevel</Filter>
    </ClInclude>
    <ClInclude Include="TestActor.h">
      <Filter>TestLevel</Filter>
    </ClInclude>
    <ClInclude Include="PrecompileHeader.h" />
    <ClInclude Include="TitleLevel.h">
      <Filter>1.Title</Filter>
    </ClInclude>
    <ClInclude Include="WorldMapLevel.h">
      <Filter>2.WorldMap</Filter>
    </ClInclude>
    <ClInclude Include="TitleBackground.h">
      <Filter>1.Title\Actor</Filter>
    </ClInclude>
    <ClInclude Include="TitleLogo.h">
      <Filter>1.Title\Actor</Filter>
    </ClInclude>
    <ClInclude Include="WorldMap.h">
      <Filter>2.WorldMap\Actor</Filter>
    </ClInclude>
    <ClInclude Include="UpgradeMenu.h">
      <Filter>2.WorldMap\Actor</Filter>
    </ClInclude>
    <ClInclude Include="Background.h">
      <Filter>2.WorldMap\Actor</Filter>
    </ClInclude>
    <ClInclude Include="StageSelectMenu.h">
      <Filter>2.WorldMap\Actor</Filter>
    </ClInclude>
    <ClInclude Include="PlayStageLevel.h">
      <Filter>3.PlayStage</Filter>
    </ClInclude>
    <ClInclude Include="StageEditLevel.h">
      <Filter>4.StageEdit</Filter>
    </ClInclude>
    <ClInclude Include="BaseMonster.h">
      <Filter>3.PlayStage\Actor\Monster</Filter>
    </ClInclude>
    <ClInclude Include="DesertThug.h">
      <Filter>3.PlayStage\Actor\Monster</Filter>
    </ClInclude>
    <ClInclude Include="DuneRaider.h">
      <Filter>3.PlayStage\Actor\Monster</Filter>
    </ClInclude>
    <ClInclude Include="StageEditor.h">
      <Filter>4.StageEdit\Window</Filter>
    </ClInclude>
    <ClInclude Include="ContentsEnum.h" />
    <ClInclude Include="ContentsData.h" />
    <ClInclude Include="MonsterWave.h">
      <Filter>3.PlayStage\Actor\StageBase</Filter>
    </ClInclude>
    <ClInclude Include="StageBg.h">
      <Filter>3.PlayStage\Actor\StageBase</Filter>
    </ClInclude>
    <ClInclude Include="PlayStageUI.h">
      <Filter>3.PlayStage\Actor\StageUI</Filter>
    </ClInclude>
    <ClInclude Include="BaseTower.h">
      <Filter>3.PlayStage\Actor\Tower\Base</Filter>
    </ClInclude>
    <ClInclude Include="BaseBullet.h">
      <Filter>3.PlayStage\Actor\Tower\Base</Filter>
    </ClInclude>
    <ClInclude Include="BaseShooter.h">
      <Filter>3.PlayStage\Actor\Tower\Base</Filter>
    </ClInclude>
    <ClInclude Include="Ranged_Bullet.h">
      <Filter>3.PlayStage\Actor\Tower\RangedTower</Filter>
    </ClInclude>
    <ClInclude Include="Ranged_Shooter.h">
      <Filter>3.PlayStage\Actor\Tower\RangedTower</Filter>
    </ClInclude>
    <ClInclude Include="Ranged_Tower.h">
      <Filter>3.PlayStage\Actor\Tower\RangedTower</Filter>
    </ClInclude>
    <ClInclude Include="BuildArea.h">
      <Filter>3.PlayStage\Actor\StageBase</Filter>
    </ClInclude>
    <ClInclude Include="Stage0.h">
      <Filter>3.PlayStage\Actor\Stage</Filter>
    </ClInclude>
  </ItemGroup>
  <ItemGroup>
    <ClCompile Include="ContentsCore.cpp" />
    <ClCompile Include="TestLevel.cpp">
      <Filter>TestLevel</Filter>
    </ClCompile>
    <ClCompile Include="TestActor.cpp">
      <Filter>TestLevel</Filter>
    </ClCompile>
    <ClCompile Include="PrecompileHeader.cpp" />
    <ClCompile Include="TitleLevel.cpp">
      <Filter>1.Title</Filter>
    </ClCompile>
    <ClCompile Include="WorldMapLevel.cpp">
      <Filter>2.WorldMap</Filter>
    </ClCompile>
    <ClCompile Include="TitleBackground.cpp">
      <Filter>1.Title\Actor</Filter>
    </ClCompile>
    <ClCompile Include="TitleLogo.cpp">
      <Filter>1.Title\Actor</Filter>
    </ClCompile>
    <ClCompile Include="WorldMap.cpp">
      <Filter>2.WorldMap\Actor</Filter>
    </ClCompile>
    <ClCompile Include="UpgradeMenu.cpp">
      <Filter>2.WorldMap\Actor</Filter>
    </ClCompile>
    <ClCompile Include="Background.cpp">
      <Filter>2.WorldMap\Actor</Filter>
    </ClCompile>
    <ClCompile Include="StageSelectMenu.cpp">
      <Filter>2.WorldMap\Actor</Filter>
    </ClCompile>
    <ClCompile Include="PlayStageLevel.cpp">
      <Filter>3.PlayStage</Filter>
    </ClCompile>
    <ClCompile Include="StageEditLevel.cpp">
      <Filter>4.StageEdit</Filter>
    </ClCompile>
    <ClCompile Include="BaseMonster.cpp">
      <Filter>3.PlayStage\Actor\Monster</Filter>
    </ClCompile>
    <ClCompile Include="DesertThug.cpp">
      <Filter>3.PlayStage\Actor\Monster</Filter>
    </ClCompile>
    <ClCompile Include="DuneRaider.cpp">
      <Filter>3.PlayStage\Actor\Monster</Filter>
    </ClCompile>
    <ClCompile Include="StageEditor.cpp">
      <Filter>4.StageEdit\Window</Filter>
    </ClCompile>
    <ClCompile Include="MonsterWave.cpp">
      <Filter>3.PlayStage\Actor\StageBase</Filter>
    </ClCompile>
    <ClCompile Include="StageBg.cpp">
      <Filter>3.PlayStage\Actor\StageBase</Filter>
    </ClCompile>
    <ClCompile Include="PlayStageUI.cpp">
      <Filter>3.PlayStage\Actor\StageUI</Filter>
    </ClCompile>
    <ClCompile Include="BaseBullet.cpp">
      <Filter>3.PlayStage\Actor\Tower\Base</Filter>
    </ClCompile>
    <ClCompile Include="BaseShooter.cpp">
      <Filter>3.PlayStage\Actor\Tower\Base</Filter>
    </ClCompile>
    <ClCompile Include="BaseTower.cpp">
      <Filter>3.PlayStage\Actor\Tower\Base</Filter>
    </ClCompile>
    <ClCompile Include="Ranged_Bullet.cpp">
      <Filter>3.PlayStage\Actor\Tower\RangedTower</Filter>
    </ClCompile>
    <ClCompile Include="Ranged_Shooter.cpp">
      <Filter>3.PlayStage\Actor\Tower\RangedTower</Filter>
    </ClCompile>
    <ClCompile Include="Ranged_Tower.cpp">
      <Filter>3.PlayStage\Actor\Tower\RangedTower</Filter>
    </ClCompile>
    <ClCompile Include="BuildArea.cpp">
      <Filter>3.PlayStage\Actor\StageBase</Filter>
    </ClCompile>
    <ClCompile Include="Stage0.cpp">
      <Filter>3.PlayStage\Actor\Stage</Filter>
    </ClCompile>
  </ItemGroup>
  <ItemGroup>
    <Filter Include="TestLevel">
      <UniqueIdentifier>{fac3a2ec-9bea-4288-8c7d-5fb46d6de793}</UniqueIdentifier>
    </Filter>
    <Filter Include="1.Title">
      <UniqueIdentifier>{8ae3fc49-09b5-4795-a8fa-d18b9230e3a3}</UniqueIdentifier>
    </Filter>
    <Filter Include="2.WorldMap">
      <UniqueIdentifier>{3e830c09-a921-4bc6-b9cb-6b0d498bb008}</UniqueIdentifier>
    </Filter>
    <Filter Include="3.PlayStage">
      <UniqueIdentifier>{cbd58579-044b-4496-a198-51e2ada21d43}</UniqueIdentifier>
    </Filter>
    <Filter Include="1.Title\Actor">
      <UniqueIdentifier>{1b45e3e5-4ca2-4be3-a3bd-aaf631e8d998}</UniqueIdentifier>
    </Filter>
    <Filter Include="2.WorldMap\Actor">
      <UniqueIdentifier>{bf9911d4-9f34-4455-9c17-4443ddcf12db}</UniqueIdentifier>
    </Filter>
    <Filter Include="3.PlayStage\Actor">
      <UniqueIdentifier>{9e8359b1-d1ca-4f58-b819-a8c42f72787a}</UniqueIdentifier>
    </Filter>
    <Filter Include="4.StageEdit">
      <UniqueIdentifier>{f0c52fe6-9f21-4c42-90d1-3a3653e598ad}</UniqueIdentifier>
    </Filter>
    <Filter Include="4.StageEdit\Actor">
      <UniqueIdentifier>{c5179c2e-6590-4f90-9b07-3dbb8a6c4330}</UniqueIdentifier>
    </Filter>
    <Filter Include="4.StageEdit\Window">
      <UniqueIdentifier>{5b94c2aa-67a6-4691-b3a6-828f75978ed0}</UniqueIdentifier>
    </Filter>
    <Filter Include="3.PlayStage\Actor\Monster">
      <UniqueIdentifier>{995ed352-2808-497d-9c6c-7d9c24961028}</UniqueIdentifier>
    </Filter>
    <Filter Include="3.PlayStage\Actor\StageBase">
      <UniqueIdentifier>{ac85e7e1-390e-47b5-b036-b8c6586dc979}</UniqueIdentifier>
    </Filter>
    <Filter Include="3.PlayStage\Actor\StageUI">
      <UniqueIdentifier>{83f861ff-af06-4be0-af41-757df54ef89f}</UniqueIdentifier>
    </Filter>
    <Filter Include="3.PlayStage\Actor\Tower">
      <UniqueIdentifier>{888a0a21-ca89-49fb-a4ca-8ba476c08e89}</UniqueIdentifier>
    </Filter>
    <Filter Include="3.PlayStage\Actor\Tower\Base">
      <UniqueIdentifier>{5e1b1e17-50b1-4706-b89b-d0ebdd5b4cc6}</UniqueIdentifier>
    </Filter>
    <Filter Include="3.PlayStage\Actor\Tower\RangedTower">
      <UniqueIdentifier>{3c813b88-3303-4e33-9acf-6f5aaba4afd4}</UniqueIdentifier>
    </Filter>
    <Filter Include="3.PlayStage\Actor\Stage">
      <UniqueIdentifier>{c73b0bac-6d05-4b32-9c61-2db21cfda4bf}</UniqueIdentifier>
    </Filter>
  </ItemGroup>
</Project>