<?xml version="1.0" encoding="utf-8"?>
<Project ToolsVersion="4.0" xmlns="http://schemas.microsoft.com/developer/msbuild/2003">
  <ItemGroup>
    <ClInclude Include="ContentsCore.h" />
    <ClInclude Include="TestLevel.h">
      <Filter>TestLevel</Filter>
    </ClInclude>
    <ClInclude Include="TestActor.h">
      <Filter>TestLevel</Filter>
    </ClInclude>
    <ClInclude Include="PrecompileHeader.h" />
    <ClInclude Include="TitleLevel.h">
      <Filter>1.Title</Filter>
    </ClInclude>
    <ClInclude Include="WorldMapLevel.h">
      <Filter>2.WorldMap</Filter>
    </ClInclude>
    <ClInclude Include="TitleBackground.h">
      <Filter>1.Title\Actor</Filter>
    </ClInclude>
    <ClInclude Include="TitleLogo.h">
      <Filter>1.Title\Actor</Filter>
    </ClInclude>
    <ClInclude Include="WorldMap.h">
      <Filter>2.WorldMap\Actor</Filter>
    </ClInclude>
    <ClInclude Include="UpgradeMenu.h">
      <Filter>2.WorldMap\Actor</Filter>
    </ClInclude>
    <ClInclude Include="Background.h">
      <Filter>2.WorldMap\Actor</Filter>
    </ClInclude>
    <ClInclude Include="StageSelectMenu.h">
      <Filter>2.WorldMap\Actor</Filter>
    </ClInclude>
    <ClInclude Include="StageEditLevel.h">
      <Filter>4.StageEdit</Filter>
    </ClInclude>
    <ClInclude Include="BaseMonster.h">
      <Filter>3.PlayStage\Actor\Monster</Filter>
    </ClInclude>
    <ClInclude Include="StageEditor.h">
      <Filter>4.StageEdit\Window</Filter>
    </ClInclude>
    <ClInclude Include="ContentsEnum.h" />
    <ClInclude Include="ContentsData.h" />
    <ClInclude Include="MonsterWave.h">
      <Filter>3.PlayStage\Actor\StageBase</Filter>
    </ClInclude>
    <ClInclude Include="StageBg.h">
      <Filter>3.PlayStage\Actor\StageBase</Filter>
    </ClInclude>
    <ClInclude Include="PlayStageUI.h">
      <Filter>3.PlayStage\Actor\StageUI</Filter>
    </ClInclude>
    <ClInclude Include="BaseTower.h">
      <Filter>3.PlayStage\Actor\Tower\0.Base</Filter>
    </ClInclude>
    <ClInclude Include="BaseBullet.h">
      <Filter>3.PlayStage\Actor\Tower\0.Base</Filter>
    </ClInclude>
    <ClInclude Include="BaseShooter.h">
      <Filter>3.PlayStage\Actor\Tower\0.Base</Filter>
    </ClInclude>
    <ClInclude Include="Ranged_Bullet.h">
      <Filter>3.PlayStage\Actor\Tower\1.RangedTower</Filter>
    </ClInclude>
    <ClInclude Include="Ranged_Shooter.h">
      <Filter>3.PlayStage\Actor\Tower\1.RangedTower</Filter>
    </ClInclude>
    <ClInclude Include="Ranged_Tower.h">
      <Filter>3.PlayStage\Actor\Tower\1.RangedTower</Filter>
    </ClInclude>
    <ClInclude Include="BuildArea.h">
      <Filter>3.PlayStage\Actor\StageBase</Filter>
    </ClInclude>
    <ClInclude Include="MousePointer.h">
      <Filter>0.Base</Filter>
    </ClInclude>
    <ClInclude Include="BaseShootingTower.h">
      <Filter>3.PlayStage\Actor\Tower\0.Base</Filter>
    </ClInclude>
    <ClInclude Include="Magic_Bullet.h">
      <Filter>3.PlayStage\Actor\Tower\2.MagicTower</Filter>
    </ClInclude>
    <ClInclude Include="Magic_Shooter.h">
      <Filter>3.PlayStage\Actor\Tower\2.MagicTower</Filter>
    </ClInclude>
    <ClInclude Include="Magic_Tower.h">
      <Filter>3.PlayStage\Actor\Tower\2.MagicTower</Filter>
    </ClInclude>
    <ClInclude Include="Artillery_Tower.h">
      <Filter>3.PlayStage\Actor\Tower\3.ArtilleryTower</Filter>
    </ClInclude>
    <ClInclude Include="Artillery_Bullet.h">
      <Filter>3.PlayStage\Actor\Tower\3.ArtilleryTower</Filter>
    </ClInclude>
    <ClInclude Include="DesertThug.h">
      <Filter>3.PlayStage\Actor\Monster\1.DesertThug</Filter>
    </ClInclude>
    <ClInclude Include="DuneRaider.h">
      <Filter>3.PlayStage\Actor\Monster\2. DuneRaider</Filter>
    </ClInclude>
    <ClInclude Include="BaseFighter.h">
      <Filter>3.PlayStage\Actor\Fighter</Filter>
    </ClInclude>
    <ClInclude Include="RallyPoint.h">
      <Filter>3.PlayStage\Actor\Fighter</Filter>
    </ClInclude>
    <ClInclude Include="Melee_Tower.h">
      <Filter>3.PlayStage\Actor\Tower\4.MeleeTower</Filter>
    </ClInclude>
    <ClInclude Include="Melee_Fighter.h">
      <Filter>3.PlayStage\Actor\Tower\4.MeleeTower</Filter>
    </ClInclude>
    <ClInclude Include="Melee_RallyPoint.h">
      <Filter>3.PlayStage\Actor\Tower\4.MeleeTower</Filter>
    </ClInclude>
    <ClInclude Include="ContentsButton.h">
      <Filter>0.Base</Filter>
    </ClInclude>
    <ClInclude Include="BuildRangedButton.h">
      <Filter>3.PlayStage\Actor\TowerUI\BuildUI\BuildButtons</Filter>
    </ClInclude>
    <ClInclude Include="BaseBuildButton.h">
      <Filter>3.PlayStage\Actor\TowerUI\BuildUI\BuildButtons</Filter>
    </ClInclude>
    <ClInclude Include="BuildMeleeButton.h">
      <Filter>3.PlayStage\Actor\TowerUI\BuildUI\BuildButtons</Filter>
    </ClInclude>
    <ClInclude Include="BuildMagicButton.h">
      <Filter>3.PlayStage\Actor\TowerUI\BuildUI\BuildButtons</Filter>
    </ClInclude>
    <ClInclude Include="BuildArtilleryButton.h">
      <Filter>3.PlayStage\Actor\TowerUI\BuildUI\BuildButtons</Filter>
    </ClInclude>
    <ClInclude Include="BaseTowerUI.h">
      <Filter>3.PlayStage\Actor\TowerUI</Filter>
    </ClInclude>
    <ClInclude Include="BuildAreaButton.h">
      <Filter>3.PlayStage\Actor\TowerUI\BuildUI</Filter>
    </ClInclude>
    <ClInclude Include="BuildTowerUI.h">
      <Filter>3.PlayStage\Actor\TowerUI\BuildUI</Filter>
    </ClInclude>
    <ClInclude Include="TowerButton.h">
      <Filter>3.PlayStage\Actor\TowerUI\UpgradeUI</Filter>
    </ClInclude>
    <ClInclude Include="UpgradeTowerUI.h">
      <Filter>3.PlayStage\Actor\TowerUI\UpgradeUI</Filter>
    </ClInclude>
    <ClInclude Include="UpgradeTowerButton.h">
      <Filter>3.PlayStage\Actor\TowerUI\UpgradeUI</Filter>
    </ClInclude>
    <ClInclude Include="SellButton.h">
      <Filter>3.PlayStage\Actor\TowerUI\UpgradeUI</Filter>
    </ClInclude>
    <ClInclude Include="NextWaveStartButton.h">
      <Filter>3.PlayStage\Actor\StageUI\WaveButton</Filter>
    </ClInclude>
    <ClInclude Include="WaveButtons.h">
      <Filter>3.PlayStage\Actor\StageUI\WaveButton</Filter>
    </ClInclude>
    <ClInclude Include="DefeatBadge.h">
      <Filter>3.PlayStage\Actor\StageUI</Filter>
    </ClInclude>
    <ClInclude Include="PlayStageLevel.h">
      <Filter>3.PlayStage\Level</Filter>
    </ClInclude>
    <ClInclude Include="PopText.h">
      <Filter>3.PlayStage\Actor\Effect</Filter>
    </ClInclude>
  </ItemGroup>
  <ItemGroup>
    <ClCompile Include="ContentsCore.cpp" />
    <ClCompile Include="TestLevel.cpp">
      <Filter>TestLevel</Filter>
    </ClCompile>
    <ClCompile Include="TestActor.cpp">
      <Filter>TestLevel</Filter>
    </ClCompile>
    <ClCompile Include="PrecompileHeader.cpp" />
    <ClCompile Include="TitleLevel.cpp">
      <Filter>1.Title</Filter>
    </ClCompile>
    <ClCompile Include="WorldMapLevel.cpp">
      <Filter>2.WorldMap</Filter>
    </ClCompile>
    <ClCompile Include="TitleBackground.cpp">
      <Filter>1.Title\Actor</Filter>
    </ClCompile>
    <ClCompile Include="TitleLogo.cpp">
      <Filter>1.Title\Actor</Filter>
    </ClCompile>
    <ClCompile Include="WorldMap.cpp">
      <Filter>2.WorldMap\Actor</Filter>
    </ClCompile>
    <ClCompile Include="UpgradeMenu.cpp">
      <Filter>2.WorldMap\Actor</Filter>
    </ClCompile>
    <ClCompile Include="Background.cpp">
      <Filter>2.WorldMap\Actor</Filter>
    </ClCompile>
    <ClCompile Include="StageSelectMenu.cpp">
      <Filter>2.WorldMap\Actor</Filter>
    </ClCompile>
    <ClCompile Include="StageEditLevel.cpp">
      <Filter>4.StageEdit</Filter>
    </ClCompile>
    <ClCompile Include="BaseMonster.cpp">
      <Filter>3.PlayStage\Actor\Monster</Filter>
    </ClCompile>
    <ClCompile Include="StageEditor.cpp">
      <Filter>4.StageEdit\Window</Filter>
    </ClCompile>
    <ClCompile Include="MonsterWave.cpp">
      <Filter>3.PlayStage\Actor\StageBase</Filter>
    </ClCompile>
    <ClCompile Include="StageBg.cpp">
      <Filter>3.PlayStage\Actor\StageBase</Filter>
    </ClCompile>
    <ClCompile Include="PlayStageUI.cpp">
      <Filter>3.PlayStage\Actor\StageUI</Filter>
    </ClCompile>
    <ClCompile Include="BaseBullet.cpp">
      <Filter>3.PlayStage\Actor\Tower\0.Base</Filter>
    </ClCompile>
    <ClCompile Include="BaseShooter.cpp">
      <Filter>3.PlayStage\Actor\Tower\0.Base</Filter>
    </ClCompile>
    <ClCompile Include="BaseTower.cpp">
      <Filter>3.PlayStage\Actor\Tower\0.Base</Filter>
    </ClCompile>
    <ClCompile Include="Ranged_Bullet.cpp">
      <Filter>3.PlayStage\Actor\Tower\1.RangedTower</Filter>
    </ClCompile>
    <ClCompile Include="Ranged_Shooter.cpp">
      <Filter>3.PlayStage\Actor\Tower\1.RangedTower</Filter>
    </ClCompile>
    <ClCompile Include="Ranged_Tower.cpp">
      <Filter>3.PlayStage\Actor\Tower\1.RangedTower</Filter>
    </ClCompile>
    <ClCompile Include="BuildArea.cpp">
      <Filter>3.PlayStage\Actor\StageBase</Filter>
    </ClCompile>
    <ClCompile Include="MousePointer.cpp">
      <Filter>0.Base</Filter>
    </ClCompile>
    <ClCompile Include="BaseShootingTower.cpp">
      <Filter>3.PlayStage\Actor\Tower\0.Base</Filter>
    </ClCompile>
    <ClCompile Include="BaseShooter_State.cpp">
      <Filter>3.PlayStage\Actor\Tower\0.Base</Filter>
    </ClCompile>
    <ClCompile Include="Magic_Bullet.cpp">
      <Filter>3.PlayStage\Actor\Tower\2.MagicTower</Filter>
    </ClCompile>
    <ClCompile Include="Magic_Shooter.cpp">
      <Filter>3.PlayStage\Actor\Tower\2.MagicTower</Filter>
    </ClCompile>
    <ClCompile Include="Magic_Tower.cpp">
      <Filter>3.PlayStage\Actor\Tower\2.MagicTower</Filter>
    </ClCompile>
    <ClCompile Include="Artillery_Tower.cpp">
      <Filter>3.PlayStage\Actor\Tower\3.ArtilleryTower</Filter>
    </ClCompile>
    <ClCompile Include="Artillery_Bullet.cpp">
      <Filter>3.PlayStage\Actor\Tower\3.ArtilleryTower</Filter>
    </ClCompile>
    <ClCompile Include="DesertThug.cpp">
      <Filter>3.PlayStage\Actor\Monster\1.DesertThug</Filter>
    </ClCompile>
    <ClCompile Include="DuneRaider.cpp">
      <Filter>3.PlayStage\Actor\Monster\2. DuneRaider</Filter>
    </ClCompile>
    <ClCompile Include="ContentsData.cpp" />
    <ClCompile Include="BaseFighter.cpp">
      <Filter>3.PlayStage\Actor\Fighter</Filter>
    </ClCompile>
    <ClCompile Include="RallyPoint.cpp">
      <Filter>3.PlayStage\Actor\Fighter</Filter>
    </ClCompile>
    <ClCompile Include="BaseFighter_State.cpp">
      <Filter>3.PlayStage\Actor\Fighter</Filter>
    </ClCompile>
    <ClCompile Include="BaseMonster_State.cpp">
      <Filter>3.PlayStage\Actor\Monster</Filter>
    </ClCompile>
    <ClCompile Include="Melee_Tower.cpp">
      <Filter>3.PlayStage\Actor\Tower\4.MeleeTower</Filter>
    </ClCompile>
    <ClCompile Include="Melee_Fighter.cpp">
      <Filter>3.PlayStage\Actor\Tower\4.MeleeTower</Filter>
    </ClCompile>
    <ClCompile Include="Melee_RallyPoint.cpp">
      <Filter>3.PlayStage\Actor\Tower\4.MeleeTower</Filter>
    </ClCompile>
    <ClCompile Include="ContentsButton.cpp">
      <Filter>0.Base</Filter>
    </ClCompile>
    <ClCompile Include="BuildRangedButton.cpp">
      <Filter>3.PlayStage\Actor\TowerUI\BuildUI\BuildButtons</Filter>
    </ClCompile>
    <ClCompile Include="BaseBuildButton.cpp">
      <Filter>3.PlayStage\Actor\TowerUI\BuildUI\BuildButtons</Filter>
    </ClCompile>
    <ClCompile Include="BuildMeleeButton.cpp">
      <Filter>3.PlayStage\Actor\TowerUI\BuildUI\BuildButtons</Filter>
    </ClCompile>
    <ClCompile Include="BuildMagicButton.cpp">
      <Filter>3.PlayStage\Actor\TowerUI\BuildUI\BuildButtons</Filter>
    </ClCompile>
    <ClCompile Include="BuildArtilleryButton.cpp">
      <Filter>3.PlayStage\Actor\TowerUI\BuildUI\BuildButtons</Filter>
    </ClCompile>
    <ClCompile Include="BaseTowerUI.cpp">
      <Filter>3.PlayStage\Actor\TowerUI</Filter>
    </ClCompile>
    <ClCompile Include="BuildAreaButton.cpp">
      <Filter>3.PlayStage\Actor\TowerUI\BuildUI</Filter>
    </ClCompile>
    <ClCompile Include="BuildTowerUI.cpp">
      <Filter>3.PlayStage\Actor\TowerUI\BuildUI</Filter>
    </ClCompile>
    <ClCompile Include="TowerButton.cpp">
      <Filter>3.PlayStage\Actor\TowerUI\UpgradeUI</Filter>
    </ClCompile>
    <ClCompile Include="UpgradeTowerUI.cpp">
      <Filter>3.PlayStage\Actor\TowerUI\UpgradeUI</Filter>
    </ClCompile>
    <ClCompile Include="UpgradeTowerButton.cpp">
      <Filter>3.PlayStage\Actor\TowerUI\UpgradeUI</Filter>
    </ClCompile>
    <ClCompile Include="SellButton.cpp">
      <Filter>3.PlayStage\Actor\TowerUI\UpgradeUI</Filter>
    </ClCompile>
    <ClCompile Include="NextWaveStartButton.cpp">
      <Filter>3.PlayStage\Actor\StageUI\WaveButton</Filter>
    </ClCompile>
    <ClCompile Include="WaveButtons.cpp">
      <Filter>3.PlayStage\Actor\StageUI\WaveButton</Filter>
    </ClCompile>
    <ClCompile Include="DefeatBadge.cpp">
      <Filter>3.PlayStage\Actor\StageUI</Filter>
    </ClCompile>
    <ClCompile Include="PlayStageLevel.cpp">
      <Filter>3.PlayStage\Level</Filter>
    </ClCompile>
    <ClCompile Include="PopText.cpp">
      <Filter>3.PlayStage\Actor\Effect</Filter>
    </ClCompile>
  </ItemGroup>
  <ItemGroup>
    <Filter Include="TestLevel">
      <UniqueIdentifier>{fac3a2ec-9bea-4288-8c7d-5fb46d6de793}</UniqueIdentifier>
    </Filter>
    <Filter Include="1.Title">
      <UniqueIdentifier>{8ae3fc49-09b5-4795-a8fa-d18b9230e3a3}</UniqueIdentifier>
    </Filter>
    <Filter Include="2.WorldMap">
      <UniqueIdentifier>{3e830c09-a921-4bc6-b9cb-6b0d498bb008}</UniqueIdentifier>
    </Filter>
    <Filter Include="3.PlayStage">
      <UniqueIdentifier>{cbd58579-044b-4496-a198-51e2ada21d43}</UniqueIdentifier>
    </Filter>
    <Filter Include="1.Title\Actor">
      <UniqueIdentifier>{1b45e3e5-4ca2-4be3-a3bd-aaf631e8d998}</UniqueIdentifier>
    </Filter>
    <Filter Include="2.WorldMap\Actor">
      <UniqueIdentifier>{bf9911d4-9f34-4455-9c17-4443ddcf12db}</UniqueIdentifier>
    </Filter>
    <Filter Include="3.PlayStage\Actor">
      <UniqueIdentifier>{9e8359b1-d1ca-4f58-b819-a8c42f72787a}</UniqueIdentifier>
    </Filter>
    <Filter Include="4.StageEdit">
      <UniqueIdentifier>{f0c52fe6-9f21-4c42-90d1-3a3653e598ad}</UniqueIdentifier>
    </Filter>
    <Filter Include="4.StageEdit\Actor">
      <UniqueIdentifier>{c5179c2e-6590-4f90-9b07-3dbb8a6c4330}</UniqueIdentifier>
    </Filter>
    <Filter Include="4.StageEdit\Window">
      <UniqueIdentifier>{5b94c2aa-67a6-4691-b3a6-828f75978ed0}</UniqueIdentifier>
    </Filter>
    <Filter Include="3.PlayStage\Actor\Monster">
      <UniqueIdentifier>{995ed352-2808-497d-9c6c-7d9c24961028}</UniqueIdentifier>
    </Filter>
    <Filter Include="3.PlayStage\Actor\StageBase">
      <UniqueIdentifier>{ac85e7e1-390e-47b5-b036-b8c6586dc979}</UniqueIdentifier>
    </Filter>
    <Filter Include="3.PlayStage\Actor\StageUI">
      <UniqueIdentifier>{83f861ff-af06-4be0-af41-757df54ef89f}</UniqueIdentifier>
    </Filter>
    <Filter Include="3.PlayStage\Level">
      <UniqueIdentifier>{7f7abad1-8497-4685-aa31-171076a77f41}</UniqueIdentifier>
    </Filter>
    <Filter Include="3.PlayStage\Actor\Monster\2. DuneRaider">
      <UniqueIdentifier>{2cb0a816-ff8a-49e1-b04a-5ebb27d9d617}</UniqueIdentifier>
    </Filter>
    <Filter Include="3.PlayStage\Actor\Fighter">
      <UniqueIdentifier>{4bc72aea-fc72-471d-9aa0-8a677b7a8aaa}</UniqueIdentifier>
    </Filter>
    <Filter Include="3.PlayStage\Actor\Tower">
      <UniqueIdentifier>{888a0a21-ca89-49fb-a4ca-8ba476c08e89}</UniqueIdentifier>
    </Filter>
    <Filter Include="3.PlayStage\Actor\Tower\0.Base">
      <UniqueIdentifier>{5e1b1e17-50b1-4706-b89b-d0ebdd5b4cc6}</UniqueIdentifier>
    </Filter>
    <Filter Include="3.PlayStage\Actor\Tower\3.ArtilleryTower">
      <UniqueIdentifier>{ab6734ff-52f8-4387-9ee2-9daafe4b0b1f}</UniqueIdentifier>
    </Filter>
    <Filter Include="3.PlayStage\Actor\Tower\1.RangedTower">
      <UniqueIdentifier>{3c813b88-3303-4e33-9acf-6f5aaba4afd4}</UniqueIdentifier>
    </Filter>
    <Filter Include="3.PlayStage\Actor\Tower\4.MeleeTower">
      <UniqueIdentifier>{77b148df-1f9f-42b5-9a74-3cf0a376c77b}</UniqueIdentifier>
    </Filter>
    <Filter Include="3.PlayStage\Actor\Monster\1.DesertThug">
      <UniqueIdentifier>{4896dfcc-7d48-4536-b7e7-8eb30c753333}</UniqueIdentifier>
    </Filter>
    <Filter Include="3.PlayStage\Actor\TowerUI">
      <UniqueIdentifier>{b27fac81-eafa-4253-9da5-69e816d9ec67}</UniqueIdentifier>
    </Filter>
    <Filter Include="3.PlayStage\Actor\TowerUI\BuildUI">
      <UniqueIdentifier>{5aac6501-7f64-4530-881b-7a5ba8a8e287}</UniqueIdentifier>
    </Filter>
    <Filter Include="3.PlayStage\Actor\TowerUI\BuildUI\BuildButtons">
      <UniqueIdentifier>{a3ad40d9-c364-48e0-be51-e0b55162c0bf}</UniqueIdentifier>
    </Filter>
    <Filter Include="3.PlayStage\Actor\TowerUI\UpgradeUI">
      <UniqueIdentifier>{e6ff1f88-d54f-4294-9506-6194bc999d2c}</UniqueIdentifier>
    </Filter>
    <Filter Include="3.PlayStage\Actor\StageUI\WaveButton">
      <UniqueIdentifier>{d7c95180-aaec-4d6a-833c-ea14a2806f4d}</UniqueIdentifier>
    </Filter>
    <Filter Include="3.PlayStage\Actor\Effect">
      <UniqueIdentifier>{9488043a-205b-4f9e-a9aa-ebddb64a50f4}</UniqueIdentifier>
    </Filter>
    <Filter Include="0.Base">
      <UniqueIdentifier>{735bcd86-8b65-4eb1-a8f8-4234183f4dab}</UniqueIdentifier>
    </Filter>
    <Filter Include="3.PlayStage\Actor\Tower\2.MagicTower">
      <UniqueIdentifier>{31ef5d8a-4829-40fd-a57f-68b730c176b0}</UniqueIdentifier>
    </Filter>
  </ItemGroup>
</Project>