<?xml version="1.0" encoding="utf-8"?>
<Project ToolsVersion="4.0" xmlns="http://schemas.microsoft.com/developer/msbuild/2003">
  <ItemGroup>
    <ClInclude Include="ContentsCore.h" />
    <ClInclude Include="TestLevel.h">
      <Filter>TestLevel</Filter>
    </ClInclude>
    <ClInclude Include="TestActor.h">
      <Filter>TestLevel</Filter>
    </ClInclude>
    <ClInclude Include="PrecompileHeader.h" />
    <ClInclude Include="TitleLevel.h">
      <Filter>1.Title</Filter>
    </ClInclude>
    <ClInclude Include="WorldMapLevel.h">
      <Filter>2.WorldMap</Filter>
    </ClInclude>
    <ClInclude Include="TitleBackground.h">
      <Filter>1.Title\Actor</Filter>
    </ClInclude>
    <ClInclude Include="TitleLogo.h">
      <Filter>1.Title\Actor</Filter>
    </ClInclude>
    <ClInclude Include="WorldMap.h">
      <Filter>2.WorldMap\Actor</Filter>
    </ClInclude>
    <ClInclude Include="UpgradeMenu.h">
      <Filter>2.WorldMap\Actor</Filter>
    </ClInclude>
    <ClInclude Include="Background.h">
      <Filter>2.WorldMap\Actor</Filter>
    </ClInclude>
    <ClInclude Include="StageSelectMenu.h">
      <Filter>2.WorldMap\Actor</Filter>
    </ClInclude>
  </ItemGroup>
  <ItemGroup>
    <ClCompile Include="ContentsCore.cpp" />
    <ClCompile Include="TestLevel.cpp">
      <Filter>TestLevel</Filter>
    </ClCompile>
    <ClCompile Include="TestActor.cpp">
      <Filter>TestLevel</Filter>
    </ClCompile>
    <ClCompile Include="PrecompileHeader.cpp" />
    <ClCompile Include="TitleLevel.cpp">
      <Filter>1.Title</Filter>
    </ClCompile>
    <ClCompile Include="WorldMapLevel.cpp">
      <Filter>2.WorldMap</Filter>
    </ClCompile>
    <ClCompile Include="TitleBackground.cpp">
      <Filter>1.Title\Actor</Filter>
    </ClCompile>
    <ClCompile Include="TitleLogo.cpp">
      <Filter>1.Title\Actor</Filter>
    </ClCompile>
    <ClCompile Include="WorldMap.cpp">
      <Filter>2.WorldMap\Actor</Filter>
    </ClCompile>
    <ClCompile Include="UpgradeMenu.cpp">
      <Filter>2.WorldMap\Actor</Filter>
    </ClCompile>
    <ClCompile Include="Background.cpp">
      <Filter>2.WorldMap\Actor</Filter>
    </ClCompile>
    <ClCompile Include="StageSelectMenu.cpp">
      <Filter>2.WorldMap\Actor</Filter>
    </ClCompile>
  </ItemGroup>
  <ItemGroup>
    <Filter Include="TestLevel">
      <UniqueIdentifier>{fac3a2ec-9bea-4288-8c7d-5fb46d6de793}</UniqueIdentifier>
    </Filter>
    <Filter Include="1.Title">
      <UniqueIdentifier>{8ae3fc49-09b5-4795-a8fa-d18b9230e3a3}</UniqueIdentifier>
    </Filter>
    <Filter Include="2.WorldMap">
      <UniqueIdentifier>{3e830c09-a921-4bc6-b9cb-6b0d498bb008}</UniqueIdentifier>
    </Filter>
    <Filter Include="3.PlayStage">
      <UniqueIdentifier>{cbd58579-044b-4496-a198-51e2ada21d43}</UniqueIdentifier>
    </Filter>
    <Filter Include="1.Title\Actor">
      <UniqueIdentifier>{1b45e3e5-4ca2-4be3-a3bd-aaf631e8d998}</UniqueIdentifier>
    </Filter>
    <Filter Include="2.WorldMap\Actor">
      <UniqueIdentifier>{bf9911d4-9f34-4455-9c17-4443ddcf12db}</UniqueIdentifier>
    </Filter>
  </ItemGroup>
</Project>