
Microsoft Visual Studio Solution File, Format Version 12.00
# Visual Studio Version 17
VisualStudioVersion = 17.5.33414.496
MinimumVisualStudioVersion = 10.0.40219.1
Project("{8BC9CEB8-8B4A-11D0-8D11-00A0C91BC942}") = "GameEnginePlatform", "GameEnginePlatform\GameEnginePlatform.vcxproj", "{012509BD-0610-46F2-BCEF-076C0828D24F}"
	ProjectSection(ProjectDependencies) = postProject
		{A6E9BFEE-96EC-4FC9-9219-12202F5126CC} = {A6E9BFEE-96EC-4FC9-9219-12202F5126CC}
	EndProjectSection
EndProject
Project("{8BC9CEB8-8B4A-11D0-8D11-00A0C91BC942}") = "GameEngineBase", "GameEngineBase\GameEngineBase.vcxproj", "{A6E9BFEE-96EC-4FC9-9219-12202F5126CC}"
EndProject
Project("{2150E333-8FDC-42A3-9474-1A3956D46DE8}") = "App", "App", "{0AA096B9-801F-49E1-9D01-56219301E459}"
EndProject
Project("{8BC9CEB8-8B4A-11D0-8D11-00A0C91BC942}") = "App", "App\App.vcxproj", "{BE1E25AE-4E51-4F37-9013-63C227DA1D2C}"
	ProjectSection(ProjectDependencies) = postProject
		{012509BD-0610-46F2-BCEF-076C0828D24F} = {012509BD-0610-46F2-BCEF-076C0828D24F}
		{A6E9BFEE-96EC-4FC9-9219-12202F5126CC} = {A6E9BFEE-96EC-4FC9-9219-12202F5126CC}
	EndProjectSection
EndProject
Project("{2150E333-8FDC-42A3-9474-1A3956D46DE8}") = "Contents", "Contents", "{4EE9DB82-9EB6-443F-8640-1C7CBBF9B22A}"
EndProject
Project("{2150E333-8FDC-42A3-9474-1A3956D46DE8}") = "Engine", "Engine", "{7630C8C4-D0BF-4C16-A481-B3F8375F5C9B}"
EndProject
Project("{2150E333-8FDC-42A3-9474-1A3956D46DE8}") = "Level0", "Level0", "{128D802F-0C37-46C1-9E41-063213BF36F8}"
EndProject
Project("{2150E333-8FDC-42A3-9474-1A3956D46DE8}") = "Level1", "Level1", "{B07378AC-1E6D-4AD4-819D-40AF950B23D6}"
EndProject
Project("{8BC9CEB8-8B4A-11D0-8D11-00A0C91BC942}") = "GameEngineCore", "GameEngineCore\GameEngineCore.vcxproj", "{FCEE2986-7CB7-47FE-837E-4C13ACFE97A0}"
EndProject
Project("{8BC9CEB8-8B4A-11D0-8D11-00A0C91BC942}") = "GameEngineContents", "GameEngineContents\GameEngineContents.vcxproj", "{41065C52-94DD-49A9-A9C1-5C3FEAB47792}"
EndProject
Global
	GlobalSection(SolutionConfigurationPlatforms) = preSolution
		Debug|x64 = Debug|x64
		Debug|x86 = Debug|x86
		Release|x64 = Release|x64
		Release|x86 = Release|x86
	EndGlobalSection
	GlobalSection(ProjectConfigurationPlatforms) = postSolution
		{012509BD-0610-46F2-BCEF-076C0828D24F}.Debug|x64.ActiveCfg = Debug|x64
		{012509BD-0610-46F2-BCEF-076C0828D24F}.Debug|x64.Build.0 = Debug|x64
		{012509BD-0610-46F2-BCEF-076C0828D24F}.Debug|x86.ActiveCfg = Debug|Win32
		{012509BD-0610-46F2-BCEF-076C0828D24F}.Debug|x86.Build.0 = Debug|Win32
		{012509BD-0610-46F2-BCEF-076C0828D24F}.Release|x64.ActiveCfg = Release|x64
		{012509BD-0610-46F2-BCEF-076C0828D24F}.Release|x64.Build.0 = Release|x64
		{012509BD-0610-46F2-BCEF-076C0828D24F}.Release|x86.ActiveCfg = Release|Win32
		{012509BD-0610-46F2-BCEF-076C0828D24F}.Release|x86.Build.0 = Release|Win32
		{A6E9BFEE-96EC-4FC9-9219-12202F5126CC}.Debug|x64.ActiveCfg = Debug|x64
		{A6E9BFEE-96EC-4FC9-9219-12202F5126CC}.Debug|x64.Build.0 = Debug|x64
		{A6E9BFEE-96EC-4FC9-9219-12202F5126CC}.Debug|x86.ActiveCfg = Debug|Win32
		{A6E9BFEE-96EC-4FC9-9219-12202F5126CC}.Debug|x86.Build.0 = Debug|Win32
		{A6E9BFEE-96EC-4FC9-9219-12202F5126CC}.Release|x64.ActiveCfg = Release|x64
		{A6E9BFEE-96EC-4FC9-9219-12202F5126CC}.Release|x64.Build.0 = Release|x64
		{A6E9BFEE-96EC-4FC9-9219-12202F5126CC}.Release|x86.ActiveCfg = Release|Win32
		{A6E9BFEE-96EC-4FC9-9219-12202F5126CC}.Release|x86.Build.0 = Release|Win32
		{BE1E25AE-4E51-4F37-9013-63C227DA1D2C}.Debug|x64.ActiveCfg = Debug|x64
		{BE1E25AE-4E51-4F37-9013-63C227DA1D2C}.Debug|x64.Build.0 = Debug|x64
		{BE1E25AE-4E51-4F37-9013-63C227DA1D2C}.Debug|x86.ActiveCfg = Debug|Win32
		{BE1E25AE-4E51-4F37-9013-63C227DA1D2C}.Debug|x86.Build.0 = Debug|Win32
		{BE1E25AE-4E51-4F37-9013-63C227DA1D2C}.Release|x64.ActiveCfg = Release|x64
		{BE1E25AE-4E51-4F37-9013-63C227DA1D2C}.Release|x64.Build.0 = Release|x64
		{BE1E25AE-4E51-4F37-9013-63C227DA1D2C}.Release|x86.ActiveCfg = Release|Win32
		{BE1E25AE-4E51-4F37-9013-63C227DA1D2C}.Release|x86.Build.0 = Release|Win32
		{FCEE2986-7CB7-47FE-837E-4C13ACFE97A0}.Debug|x64.ActiveCfg = Debug|x64
		{FCEE2986-7CB7-47FE-837E-4C13ACFE97A0}.Debug|x64.Build.0 = Debug|x64
		{FCEE2986-7CB7-47FE-837E-4C13ACFE97A0}.Debug|x86.ActiveCfg = Debug|Win32
		{FCEE2986-7CB7-47FE-837E-4C13ACFE97A0}.Debug|x86.Build.0 = Debug|Win32
		{FCEE2986-7CB7-47FE-837E-4C13ACFE97A0}.Release|x64.ActiveCfg = Release|x64
		{FCEE2986-7CB7-47FE-837E-4C13ACFE97A0}.Release|x64.Build.0 = Release|x64
		{FCEE2986-7CB7-47FE-837E-4C13ACFE97A0}.Release|x86.ActiveCfg = Release|Win32
		{FCEE2986-7CB7-47FE-837E-4C13ACFE97A0}.Release|x86.Build.0 = Release|Win32
		{41065C52-94DD-49A9-A9C1-5C3FEAB47792}.Debug|x64.ActiveCfg = Debug|x64
		{41065C52-94DD-49A9-A9C1-5C3FEAB47792}.Debug|x64.Build.0 = Debug|x64
		{41065C52-94DD-49A9-A9C1-5C3FEAB47792}.Debug|x86.ActiveCfg = Debug|Win32
		{41065C52-94DD-49A9-A9C1-5C3FEAB47792}.Debug|x86.Build.0 = Debug|Win32
		{41065C52-94DD-49A9-A9C1-5C3FEAB47792}.Release|x64.ActiveCfg = Release|x64
		{41065C52-94DD-49A9-A9C1-5C3FEAB47792}.Release|x64.Build.0 = Release|x64
		{41065C52-94DD-49A9-A9C1-5C3FEAB47792}.Release|x86.ActiveCfg = Release|Win32
		{41065C52-94DD-49A9-A9C1-5C3FEAB47792}.Release|x86.Build.0 = Release|Win32
	EndGlobalSection
	GlobalSection(SolutionProperties) = preSolution
		HideSolutionNode = FALSE
	EndGlobalSection
	GlobalSection(NestedProjects) = preSolution
		{012509BD-0610-46F2-BCEF-076C0828D24F} = {128D802F-0C37-46C1-9E41-063213BF36F8}
		{A6E9BFEE-96EC-4FC9-9219-12202F5126CC} = {128D802F-0C37-46C1-9E41-063213BF36F8}
		{BE1E25AE-4E51-4F37-9013-63C227DA1D2C} = {0AA096B9-801F-49E1-9D01-56219301E459}
		{128D802F-0C37-46C1-9E41-063213BF36F8} = {7630C8C4-D0BF-4C16-A481-B3F8375F5C9B}
		{B07378AC-1E6D-4AD4-819D-40AF950B23D6} = {7630C8C4-D0BF-4C16-A481-B3F8375F5C9B}
		{FCEE2986-7CB7-47FE-837E-4C13ACFE97A0} = {B07378AC-1E6D-4AD4-819D-40AF950B23D6}
		{41065C52-94DD-49A9-A9C1-5C3FEAB47792} = {4EE9DB82-9EB6-443F-8640-1C7CBBF9B22A}
	EndGlobalSection
	GlobalSection(ExtensibilityGlobals) = postSolution
		SolutionGuid = {C4824D00-C73D-4821-A89E-30ED236A7E02}
	EndGlobalSection
EndGlobal
