
Microsoft Visual Studio Solution File, Format Version 12.00
# Visual Studio Version 17
VisualStudioVersion = 17.5.33502.453
MinimumVisualStudioVersion = 10.0.40219.1
Project("{2150E333-8FDC-42A3-9474-1A3956D46DE8}") = "App", "App", "{D17D642E-B551-474B-9A54-5A3C8D5407CE}"
EndProject
Project("{8BC9CEB8-8B4A-11D0-8D11-00A0C91BC942}") = "GameEngineBase", "GameEngineBase\GameEngineBase.vcxproj", "{A6E9BFEE-96EC-4FC9-9219-12202F5126CC}"
EndProject
Project("{8BC9CEB8-8B4A-11D0-8D11-00A0C91BC942}") = "GameEnginePlatform", "GameEnginePlatform\GameEnginePlatform.vcxproj", "{012509BD-0610-46F2-BCEF-076C0828D24F}"
	ProjectSection(ProjectDependencies) = postProject
		{A6E9BFEE-96EC-4FC9-9219-12202F5126CC} = {A6E9BFEE-96EC-4FC9-9219-12202F5126CC}
	EndProjectSection
EndProject
Project("{8BC9CEB8-8B4A-11D0-8D11-00A0C91BC942}") = "App_KingdomRushFrontiers", "App\App.vcxproj", "{47BB89F8-4E4D-49AF-A6C1-7E3A375404D5}"
	ProjectSection(ProjectDependencies) = postProject
		{012509BD-0610-46F2-BCEF-076C0828D24F} = {012509BD-0610-46F2-BCEF-076C0828D24F}
		{3B47883C-DBBF-499E-A61E-084718CD9248} = {3B47883C-DBBF-499E-A61E-084718CD9248}
		{A6E9BFEE-96EC-4FC9-9219-12202F5126CC} = {A6E9BFEE-96EC-4FC9-9219-12202F5126CC}
		{F933F853-48A2-47BD-A821-D235330253A0} = {F933F853-48A2-47BD-A821-D235330253A0}
	EndProjectSection
EndProject
Project("{2150E333-8FDC-42A3-9474-1A3956D46DE8}") = "Contents", "Contents", "{70B384D8-2A97-4C67-868B-CD7D9F22BED0}"
EndProject
Project("{2150E333-8FDC-42A3-9474-1A3956D46DE8}") = "Engine", "Engine", "{935494C2-6805-476C-9CE0-DC5450841CBD}"
EndProject
Project("{2150E333-8FDC-42A3-9474-1A3956D46DE8}") = "Level0", "Level0", "{B9BF9A5D-3000-441A-BE03-33AF7FBBBD78}"
EndProject
Project("{2150E333-8FDC-42A3-9474-1A3956D46DE8}") = "Level1", "Level1", "{40D39E49-8555-43B7-86B6-1BF9D0965026}"
EndProject
Project("{8BC9CEB8-8B4A-11D0-8D11-00A0C91BC942}") = "GameEngineContents", "GameEngineContents\GameEngineContents.vcxproj", "{F933F853-48A2-47BD-A821-D235330253A0}"
	ProjectSection(ProjectDependencies) = postProject
		{012509BD-0610-46F2-BCEF-076C0828D24F} = {012509BD-0610-46F2-BCEF-076C0828D24F}
		{3B47883C-DBBF-499E-A61E-084718CD9248} = {3B47883C-DBBF-499E-A61E-084718CD9248}
		{A6E9BFEE-96EC-4FC9-9219-12202F5126CC} = {A6E9BFEE-96EC-4FC9-9219-12202F5126CC}
	EndProjectSection
EndProject
Project("{8BC9CEB8-8B4A-11D0-8D11-00A0C91BC942}") = "GameEngineCore", "GameEngineCore\GameEngineCore.vcxproj", "{3B47883C-DBBF-499E-A61E-084718CD9248}"
	ProjectSection(ProjectDependencies) = postProject
		{012509BD-0610-46F2-BCEF-076C0828D24F} = {012509BD-0610-46F2-BCEF-076C0828D24F}
		{A6E9BFEE-96EC-4FC9-9219-12202F5126CC} = {A6E9BFEE-96EC-4FC9-9219-12202F5126CC}
	EndProjectSection
EndProject
Project("{2150E333-8FDC-42A3-9474-1A3956D46DE8}") = "Shader", "Shader", "{DBA2882B-5633-48A1-9758-7F74BD3E8D86}"
EndProject
Project("{8BC9CEB8-8B4A-11D0-8D11-00A0C91BC942}") = "Shader", "EngineResources\Shader\Shader.vcxproj", "{7981F451-4C7C-40BC-A041-643B64121DCD}"
EndProject
Global
	GlobalSection(SolutionConfigurationPlatforms) = preSolution
		Debug|x64 = Debug|x64
		Debug|x86 = Debug|x86
		Release|x64 = Release|x64
		Release|x86 = Release|x86
	EndGlobalSection
	GlobalSection(ProjectConfigurationPlatforms) = postSolution
		{A6E9BFEE-96EC-4FC9-9219-12202F5126CC}.Debug|x64.ActiveCfg = Debug|x64
		{A6E9BFEE-96EC-4FC9-9219-12202F5126CC}.Debug|x64.Build.0 = Debug|x64
		{A6E9BFEE-96EC-4FC9-9219-12202F5126CC}.Debug|x86.ActiveCfg = Debug|Win32
		{A6E9BFEE-96EC-4FC9-9219-12202F5126CC}.Debug|x86.Build.0 = Debug|Win32
		{A6E9BFEE-96EC-4FC9-9219-12202F5126CC}.Release|x64.ActiveCfg = Release|x64
		{A6E9BFEE-96EC-4FC9-9219-12202F5126CC}.Release|x64.Build.0 = Release|x64
		{A6E9BFEE-96EC-4FC9-9219-12202F5126CC}.Release|x86.ActiveCfg = Release|Win32
		{A6E9BFEE-96EC-4FC9-9219-12202F5126CC}.Release|x86.Build.0 = Release|Win32
		{012509BD-0610-46F2-BCEF-076C0828D24F}.Debug|x64.ActiveCfg = Debug|x64
		{012509BD-0610-46F2-BCEF-076C0828D24F}.Debug|x64.Build.0 = Debug|x64
		{012509BD-0610-46F2-BCEF-076C0828D24F}.Debug|x86.ActiveCfg = Debug|Win32
		{012509BD-0610-46F2-BCEF-076C0828D24F}.Debug|x86.Build.0 = Debug|Win32
		{012509BD-0610-46F2-BCEF-076C0828D24F}.Release|x64.ActiveCfg = Release|x64
		{012509BD-0610-46F2-BCEF-076C0828D24F}.Release|x64.Build.0 = Release|x64
		{012509BD-0610-46F2-BCEF-076C0828D24F}.Release|x86.ActiveCfg = Release|Win32
		{012509BD-0610-46F2-BCEF-076C0828D24F}.Release|x86.Build.0 = Release|Win32
		{47BB89F8-4E4D-49AF-A6C1-7E3A375404D5}.Debug|x64.ActiveCfg = Debug|x64
		{47BB89F8-4E4D-49AF-A6C1-7E3A375404D5}.Debug|x64.Build.0 = Debug|x64
		{47BB89F8-4E4D-49AF-A6C1-7E3A375404D5}.Debug|x86.ActiveCfg = Debug|Win32
		{47BB89F8-4E4D-49AF-A6C1-7E3A375404D5}.Debug|x86.Build.0 = Debug|Win32
		{47BB89F8-4E4D-49AF-A6C1-7E3A375404D5}.Release|x64.ActiveCfg = Release|x64
		{47BB89F8-4E4D-49AF-A6C1-7E3A375404D5}.Release|x64.Build.0 = Release|x64
		{47BB89F8-4E4D-49AF-A6C1-7E3A375404D5}.Release|x86.ActiveCfg = Release|Win32
		{47BB89F8-4E4D-49AF-A6C1-7E3A375404D5}.Release|x86.Build.0 = Release|Win32
		{F933F853-48A2-47BD-A821-D235330253A0}.Debug|x64.ActiveCfg = Debug|x64
		{F933F853-48A2-47BD-A821-D235330253A0}.Debug|x64.Build.0 = Debug|x64
		{F933F853-48A2-47BD-A821-D235330253A0}.Debug|x86.ActiveCfg = Debug|Win32
		{F933F853-48A2-47BD-A821-D235330253A0}.Debug|x86.Build.0 = Debug|Win32
		{F933F853-48A2-47BD-A821-D235330253A0}.Release|x64.ActiveCfg = Release|x64
		{F933F853-48A2-47BD-A821-D235330253A0}.Release|x64.Build.0 = Release|x64
		{F933F853-48A2-47BD-A821-D235330253A0}.Release|x86.ActiveCfg = Release|Win32
		{F933F853-48A2-47BD-A821-D235330253A0}.Release|x86.Build.0 = Release|Win32
		{3B47883C-DBBF-499E-A61E-084718CD9248}.Debug|x64.ActiveCfg = Debug|x64
		{3B47883C-DBBF-499E-A61E-084718CD9248}.Debug|x64.Build.0 = Debug|x64
		{3B47883C-DBBF-499E-A61E-084718CD9248}.Debug|x86.ActiveCfg = Debug|Win32
		{3B47883C-DBBF-499E-A61E-084718CD9248}.Debug|x86.Build.0 = Debug|Win32
		{3B47883C-DBBF-499E-A61E-084718CD9248}.Release|x64.ActiveCfg = Release|x64
		{3B47883C-DBBF-499E-A61E-084718CD9248}.Release|x64.Build.0 = Release|x64
		{3B47883C-DBBF-499E-A61E-084718CD9248}.Release|x86.ActiveCfg = Release|Win32
		{3B47883C-DBBF-499E-A61E-084718CD9248}.Release|x86.Build.0 = Release|Win32
		{7981F451-4C7C-40BC-A041-643B64121DCD}.Debug|x64.ActiveCfg = Debug|x64
		{7981F451-4C7C-40BC-A041-643B64121DCD}.Debug|x64.Build.0 = Debug|x64
		{7981F451-4C7C-40BC-A041-643B64121DCD}.Debug|x86.ActiveCfg = Debug|Win32
		{7981F451-4C7C-40BC-A041-643B64121DCD}.Debug|x86.Build.0 = Debug|Win32
		{7981F451-4C7C-40BC-A041-643B64121DCD}.Release|x64.ActiveCfg = Release|x64
		{7981F451-4C7C-40BC-A041-643B64121DCD}.Release|x64.Build.0 = Release|x64
		{7981F451-4C7C-40BC-A041-643B64121DCD}.Release|x86.ActiveCfg = Release|Win32
		{7981F451-4C7C-40BC-A041-643B64121DCD}.Release|x86.Build.0 = Release|Win32
	EndGlobalSection
	GlobalSection(SolutionProperties) = preSolution
		HideSolutionNode = FALSE
	EndGlobalSection
	GlobalSection(NestedProjects) = preSolution
		{A6E9BFEE-96EC-4FC9-9219-12202F5126CC} = {B9BF9A5D-3000-441A-BE03-33AF7FBBBD78}
		{012509BD-0610-46F2-BCEF-076C0828D24F} = {B9BF9A5D-3000-441A-BE03-33AF7FBBBD78}
		{47BB89F8-4E4D-49AF-A6C1-7E3A375404D5} = {D17D642E-B551-474B-9A54-5A3C8D5407CE}
		{B9BF9A5D-3000-441A-BE03-33AF7FBBBD78} = {935494C2-6805-476C-9CE0-DC5450841CBD}
		{40D39E49-8555-43B7-86B6-1BF9D0965026} = {935494C2-6805-476C-9CE0-DC5450841CBD}
		{F933F853-48A2-47BD-A821-D235330253A0} = {70B384D8-2A97-4C67-868B-CD7D9F22BED0}
		{3B47883C-DBBF-499E-A61E-084718CD9248} = {40D39E49-8555-43B7-86B6-1BF9D0965026}
		{7981F451-4C7C-40BC-A041-643B64121DCD} = {DBA2882B-5633-48A1-9758-7F74BD3E8D86}
	EndGlobalSection
	GlobalSection(ExtensibilityGlobals) = postSolution
		SolutionGuid = {BEAB67CE-CFDA-424A-A35F-804C292A8F7F}
	EndGlobalSection
EndGlobal
